// !$*UTF8*$!
{
	archiveVersion = 1;
	classes = {
	};
	objectVersion = 48;
	objects = {

/* Begin PBXBuildFile section */
		AE7AB0BA4421639B736B6D67 /* libPods-DDHTTPClientDemo.a in Frameworks */ = {isa = PBXBuildFile; fileRef = 963C5F50790D67FF64C559BF /* libPods-DDHTTPClientDemo.a */; };
		B28442B220CFA0C700862731 /* DDHttpApiManager.m in Sources */ = {isa = PBXBuildFile; fileRef = B28442B120CFA0C700862731 /* DDHttpApiManager.m */; };
		B28442B620CFA15900862731 /* SimpleHttpApiManager.m in Sources */ = {isa = PBXBuildFile; fileRef = B28442B520CFA15900862731 /* SimpleHttpApiManager.m */; };
		B28442B920CFA21100862731 /* SimpleHTTPClient.m in Sources */ = {isa = PBXBuildFile; fileRef = B28442B820CFA21100862731 /* SimpleHTTPClient.m */; };
		B2AE6A9120BFB9B20001E34A /* AppDelegate.m in Sources */ = {isa = PBXBuildFile; fileRef = B2AE6A9020BFB9B20001E34A /* AppDelegate.m */; };
		B2AE6A9420BFB9B20001E34A /* ViewController.m in Sources */ = {isa = PBXBuildFile; fileRef = B2AE6A9320BFB9B20001E34A /* ViewController.m */; };
		B2AE6A9720BFB9B20001E34A /* Main.storyboard in Resources */ = {isa = PBXBuildFile; fileRef = B2AE6A9520BFB9B20001E34A /* Main.storyboard */; };
		B2AE6A9920BFB9B20001E34A /* Assets.xcassets in Resources */ = {isa = PBXBuildFile; fileRef = B2AE6A9820BFB9B20001E34A /* Assets.xcassets */; };
		B2AE6A9C20BFB9B20001E34A /* LaunchScreen.storyboard in Resources */ = {isa = PBXBuildFile; fileRef = B2AE6A9A20BFB9B20001E34A /* LaunchScreen.storyboard */; };
		B2AE6A9F20BFB9B20001E34A /* main.m in Sources */ = {isa = PBXBuildFile; fileRef = B2AE6A9E20BFB9B20001E34A /* main.m */; };
		B2AE6AA820BFBA120001E34A /* DDHTTPClient.m in Sources */ = {isa = PBXBuildFile; fileRef = B2AE6AA720BFBA120001E34A /* DDHTTPClient.m */; };
/* End PBXBuildFile section */

/* Begin PBXFileReference section */
		2D0E08FBB67083C192626532 /* Pods-DDHTTPClientDemo.debug.xcconfig */ = {isa = PBXFileReference; includeInIndex = 1; lastKnownFileType = text.xcconfig; name = "Pods-DDHTTPClientDemo.debug.xcconfig"; path = "Pods/Target Support Files/Pods-DDHTTPClientDemo/Pods-DDHTTPClientDemo.debug.xcconfig"; sourceTree = "<group>"; };
		963C5F50790D67FF64C559BF /* libPods-DDHTTPClientDemo.a */ = {isa = PBXFileReference; explicitFileType = archive.ar; includeInIndex = 0; path = "libPods-DDHTTPClientDemo.a"; sourceTree = BUILT_PRODUCTS_DIR; };
		B28442B020CFA0C700862731 /* DDHttpApiManager.h */ = {isa = PBXFileReference; fileEncoding = 4; lastKnownFileType = sourcecode.c.h; path = DDHttpApiManager.h; sourceTree = "<group>"; };
		B28442B120CFA0C700862731 /* DDHttpApiManager.m */ = {isa = PBXFileReference; fileEncoding = 4; lastKnownFileType = sourcecode.c.objc; path = DDHttpApiManager.m; sourceTree = "<group>"; };
		B28442B420CFA15900862731 /* SimpleHttpApiManager.h */ = {isa = PBXFileReference; lastKnownFileType = sourcecode.c.h; path = SimpleHttpApiManager.h; sourceTree = "<group>"; };
		B28442B520CFA15900862731 /* SimpleHttpApiManager.m */ = {isa = PBXFileReference; lastKnownFileType = sourcecode.c.objc; path = SimpleHttpApiManager.m; sourceTree = "<group>"; };
		B28442B720CFA21100862731 /* SimpleHTTPClient.h */ = {isa = PBXFileReference; lastKnownFileType = sourcecode.c.h; path = SimpleHTTPClient.h; sourceTree = "<group>"; };
		B28442B820CFA21100862731 /* SimpleHTTPClient.m */ = {isa = PBXFileReference; lastKnownFileType = sourcecode.c.objc; path = SimpleHTTPClient.m; sourceTree = "<group>"; };
		B2AE6A8C20BFB9B20001E34A /* DDHTTPClientDemo.app */ = {isa = PBXFileReference; explicitFileType = wrapper.application; includeInIndex = 0; path = DDHTTPClientDemo.app; sourceTree = BUILT_PRODUCTS_DIR; };
		B2AE6A8F20BFB9B20001E34A /* AppDelegate.h */ = {isa = PBXFileReference; lastKnownFileType = sourcecode.c.h; path = AppDelegate.h; sourceTree = "<group>"; };
		B2AE6A9020BFB9B20001E34A /* AppDelegate.m */ = {isa = PBXFileReference; lastKnownFileType = sourcecode.c.objc; path = AppDelegate.m; sourceTree = "<group>"; };
		B2AE6A9220BFB9B20001E34A /* ViewController.h */ = {isa = PBXFileReference; lastKnownFileType = sourcecode.c.h; path = ViewController.h; sourceTree = "<group>"; };
		B2AE6A9320BFB9B20001E34A /* ViewController.m */ = {isa = PBXFileReference; lastKnownFileType = sourcecode.c.objc; path = ViewController.m; sourceTree = "<group>"; };
		B2AE6A9620BFB9B20001E34A /* Base */ = {isa = PBXFileReference; lastKnownFileType = file.storyboard; name = Base; path = Base.lproj/Main.storyboard; sourceTree = "<group>"; };
		B2AE6A9820BFB9B20001E34A /* Assets.xcassets */ = {isa = PBXFileReference; lastKnownFileType = folder.assetcatalog; path = Assets.xcassets; sourceTree = "<group>"; };
		B2AE6A9B20BFB9B20001E34A /* Base */ = {isa = PBXFileReference; lastKnownFileType = file.storyboard; name = Base; path = Base.lproj/LaunchScreen.storyboard; sourceTree = "<group>"; };
		B2AE6A9D20BFB9B20001E34A /* Info.plist */ = {isa = PBXFileReference; lastKnownFileType = text.plist.xml; path = Info.plist; sourceTree = "<group>"; };
		B2AE6A9E20BFB9B20001E34A /* main.m */ = {isa = PBXFileReference; lastKnownFileType = sourcecode.c.objc; path = main.m; sourceTree = "<group>"; };
		B2AE6AA620BFBA120001E34A /* DDHTTPClient.h */ = {isa = PBXFileReference; fileEncoding = 4; lastKnownFileType = sourcecode.c.h; path = DDHTTPClient.h; sourceTree = "<group>"; };
		B2AE6AA720BFBA120001E34A /* DDHTTPClient.m */ = {isa = PBXFileReference; fileEncoding = 4; lastKnownFileType = sourcecode.c.objc; path = DDHTTPClient.m; sourceTree = "<group>"; };
		DCB162B40A0FB578CF9085D6 /* Pods-DDHTTPClientDemo.release.xcconfig */ = {isa = PBXFileReference; includeInIndex = 1; lastKnownFileType = text.xcconfig; name = "Pods-DDHTTPClientDemo.release.xcconfig"; path = "Pods/Target Support Files/Pods-DDHTTPClientDemo/Pods-DDHTTPClientDemo.release.xcconfig"; sourceTree = "<group>"; };
/* End PBXFileReference section */

/* Begin PBXFrameworksBuildPhase section */
		B2AE6A8920BFB9B20001E34A /* Frameworks */ = {
			isa = PBXFrameworksBuildPhase;
			buildActionMask = 2147483647;
			files = (
				AE7AB0BA4421639B736B6D67 /* libPods-DDHTTPClientDemo.a in Frameworks */,
			);
			runOnlyForDeploymentPostprocessing = 0;
		};
/* End PBXFrameworksBuildPhase section */

/* Begin PBXGroup section */
		079EBD6EFD4E63CBC5F331C2 /* Pods */ = {
			isa = PBXGroup;
			children = (
				2D0E08FBB67083C192626532 /* Pods-DDHTTPClientDemo.debug.xcconfig */,
				DCB162B40A0FB578CF9085D6 /* Pods-DDHTTPClientDemo.release.xcconfig */,
			);
			name = Pods;
			sourceTree = "<group>";
		};
		5A309F2ACECB29291B994D9F /* Frameworks */ = {
			isa = PBXGroup;
			children = (
				963C5F50790D67FF64C559BF /* libPods-DDHTTPClientDemo.a */,
			);
			name = Frameworks;
			sourceTree = "<group>";
		};
		B28442B320CFA11C00862731 /* Simple */ = {
			isa = PBXGroup;
			children = (
				B28442B420CFA15900862731 /* SimpleHttpApiManager.h */,
				B28442B520CFA15900862731 /* SimpleHttpApiManager.m */,
				B28442B720CFA21100862731 /* SimpleHTTPClient.h */,
				B28442B820CFA21100862731 /* SimpleHTTPClient.m */,
			);
			path = Simple;
			sourceTree = "<group>";
		};
		B2AE6A8320BFB9B20001E34A = {
			isa = PBXGroup;
			children = (
				B28442B320CFA11C00862731 /* Simple */,
				B2AE6AA520BFBA120001E34A /* DDHTTPClient */,
				B2AE6A8E20BFB9B20001E34A /* DDHTTPClientDemo */,
				B2AE6A8D20BFB9B20001E34A /* Products */,
				079EBD6EFD4E63CBC5F331C2 /* Pods */,
				5A309F2ACECB29291B994D9F /* Frameworks */,
			);
			sourceTree = "<group>";
		};
		B2AE6A8D20BFB9B20001E34A /* Products */ = {
			isa = PBXGroup;
			children = (
				B2AE6A8C20BFB9B20001E34A /* DDHTTPClientDemo.app */,
			);
			name = Products;
			sourceTree = "<group>";
		};
		B2AE6A8E20BFB9B20001E34A /* DDHTTPClientDemo */ = {
			isa = PBXGroup;
			children = (
				B2AE6A8F20BFB9B20001E34A /* AppDelegate.h */,
				B2AE6A9020BFB9B20001E34A /* AppDelegate.m */,
				B2AE6A9220BFB9B20001E34A /* ViewController.h */,
				B2AE6A9320BFB9B20001E34A /* ViewController.m */,
				B2AE6A9520BFB9B20001E34A /* Main.storyboard */,
				B2AE6A9820BFB9B20001E34A /* Assets.xcassets */,
				B2AE6A9A20BFB9B20001E34A /* LaunchScreen.storyboard */,
				B2AE6A9D20BFB9B20001E34A /* Info.plist */,
				B2AE6A9E20BFB9B20001E34A /* main.m */,
			);
			path = DDHTTPClientDemo;
			sourceTree = "<group>";
		};
		B2AE6AA520BFBA120001E34A /* DDHTTPClient */ = {
			isa = PBXGroup;
			children = (
				B28442B020CFA0C700862731 /* DDHttpApiManager.h */,
				B28442B120CFA0C700862731 /* DDHttpApiManager.m */,
				B2AE6AA620BFBA120001E34A /* DDHTTPClient.h */,
				B2AE6AA720BFBA120001E34A /* DDHTTPClient.m */,
			);
			path = DDHTTPClient;
			sourceTree = "<group>";
		};
/* End PBXGroup section */

/* Begin PBXNativeTarget section */
		B2AE6A8B20BFB9B20001E34A /* DDHTTPClientDemo */ = {
			isa = PBXNativeTarget;
			buildConfigurationList = B2AE6AA220BFB9B20001E34A /* Build configuration list for PBXNativeTarget "DDHTTPClientDemo" */;
			buildPhases = (
				EC1172DF23DBB9D8128C0666 /* [CP] Check Pods Manifest.lock */,
				B2AE6A8820BFB9B20001E34A /* Sources */,
				B2AE6A8920BFB9B20001E34A /* Frameworks */,
				B2AE6A8A20BFB9B20001E34A /* Resources */,
			);
			buildRules = (
			);
			dependencies = (
			);
			name = DDHTTPClientDemo;
			productName = DDHTTPClientDemo;
			productReference = B2AE6A8C20BFB9B20001E34A /* DDHTTPClientDemo.app */;
			productType = "com.apple.product-type.application";
		};
/* End PBXNativeTarget section */

/* Begin PBXProject section */
		B2AE6A8420BFB9B20001E34A /* Project object */ = {
			isa = PBXProject;
			attributes = {
				LastUpgradeCheck = 0920;
				ORGANIZATIONNAME = abiang;
				TargetAttributes = {
					B2AE6A8B20BFB9B20001E34A = {
						CreatedOnToolsVersion = 9.2;
						ProvisioningStyle = Automatic;
					};
				};
			};
			buildConfigurationList = B2AE6A8720BFB9B20001E34A /* Build configuration list for PBXProject "DDHTTPClientDemo" */;
			compatibilityVersion = "Xcode 8.0";
			developmentRegion = en;
			hasScannedForEncodings = 0;
			knownRegions = (
				en,
				Base,
			);
			mainGroup = B2AE6A8320BFB9B20001E34A;
			productRefGroup = B2AE6A8D20BFB9B20001E34A /* Products */;
			projectDirPath = "";
			projectRoot = "";
			targets = (
				B2AE6A8B20BFB9B20001E34A /* DDHTTPClientDemo */,
			);
		};
/* End PBXProject section */

/* Begin PBXResourcesBuildPhase section */
		B2AE6A8A20BFB9B20001E34A /* Resources */ = {
			isa = PBXResourcesBuildPhase;
			buildActionMask = 2147483647;
			files = (
				B2AE6A9C20BFB9B20001E34A /* LaunchScreen.storyboard in Resources */,
				B2AE6A9920BFB9B20001E34A /* Assets.xcassets in Resources */,
				B2AE6A9720BFB9B20001E34A /* Main.storyboard in Resources */,
			);
			runOnlyForDeploymentPostprocessing = 0;
		};
/* End PBXResourcesBuildPhase section */

/* Begin PBXShellScriptBuildPhase section */
		EC1172DF23DBB9D8128C0666 /* [CP] Check Pods Manifest.lock */ = {
			isa = PBXShellScriptBuildPhase;
			buildActionMask = 2147483647;
			files = (
			);
			inputPaths = (
				"${PODS_PODFILE_DIR_PATH}/Podfile.lock",
				"${PODS_ROOT}/Manifest.lock",
			);
			name = "[CP] Check Pods Manifest.lock";
			outputPaths = (
				"$(DERIVED_FILE_DIR)/Pods-DDHTTPClientDemo-checkManifestLockResult.txt",
			);
			runOnlyForDeploymentPostprocessing = 0;
			shellPath = /bin/sh;
			shellScript = "diff \"${PODS_PODFILE_DIR_PATH}/Podfile.lock\" \"${PODS_ROOT}/Manifest.lock\" > /dev/null\nif [ $? != 0 ] ; then\n    # print error to STDERR\n    echo \"error: The sandbox is not in sync with the Podfile.lock. Run 'pod install' or update your CocoaPods installation.\" >&2\n    exit 1\nfi\n# This output is used by Xcode 'outputs' to avoid re-running this script phase.\necho \"SUCCESS\" > \"${SCRIPT_OUTPUT_FILE_0}\"\n";
			showEnvVarsInLog = 0;
		};
/* End PBXShellScriptBuildPhase section */

/* Begin PBXSourcesBuildPhase section */
		B2AE6A8820BFB9B20001E34A /* Sources */ = {
			isa = PBXSourcesBuildPhase;
			buildActionMask = 2147483647;
			files = (
				B28442B920CFA21100862731 /* SimpleHTTPClient.m in Sources */,
				B2AE6AA820BFBA120001E34A /* DDHTTPClient.m in Sources */,
				B2AE6A9420BFB9B20001E34A /* ViewController.m in Sources */,
				B28442B620CFA15900862731 /* SimpleHttpApiManager.m in Sources */,
				B2AE6A9F20BFB9B20001E34A /* main.m in Sources */,
				B2AE6A9120BFB9B20001E34A /* AppDelegate.m in Sources */,
				B28442B220CFA0C700862731 /* DDHttpApiManager.m in Sources */,
			);
			runOnlyForDeploymentPostprocessing = 0;
		};
/* End PBXSourcesBuildPhase section */

/* Begin PBXVariantGroup section */
		B2AE6A9520BFB9B20001E34A /* Main.storyboard */ = {
			isa = PBXVariantGroup;
			children = (
				B2AE6A9620BFB9B20001E34A /* Base */,
			);
			name = Main.storyboard;
			sourceTree = "<group>";
		};
		B2AE6A9A20BFB9B20001E34A /* LaunchScreen.storyboard */ = {
			isa = PBXVariantGroup;
			children = (
				B2AE6A9B20BFB9B20001E34A /* Base */,
			);
			name = LaunchScreen.storyboard;
			sourceTree = "<group>";
		};
/* End PBXVariantGroup section */

/* Begin XCBuildConfiguration section */
		B2AE6AA020BFB9B20001E34A /* Debug */ = {
			isa = XCBuildConfiguration;
			buildSettings = {
				ALWAYS_SEARCH_USER_PATHS = NO;
				CLANG_ANALYZER_NONNULL = YES;
				CLANG_ANALYZER_NUMBER_OBJECT_CONVERSION = YES_AGGRESSIVE;
				CLANG_CXX_LANGUAGE_STANDARD = "gnu++14";
				CLANG_CXX_LIBRARY = "libc++";
				CLANG_ENABLE_MODULES = YES;
				CLANG_ENABLE_OBJC_ARC = YES;
				CLANG_WARN_BLOCK_CAPTURE_AUTORELEASING = YES;
				CLANG_WARN_BOOL_CONVERSION = YES;
				CLANG_WARN_COMMA = YES;
				CLANG_WARN_CONSTANT_CONVERSION = YES;
				CLANG_WARN_DIRECT_OBJC_ISA_USAGE = YES_ERROR;
				CLANG_WARN_DOCUMENTATION_COMMENTS = YES;
				CLANG_WARN_EMPTY_BODY = YES;
				CLANG_WARN_ENUM_CONVERSION = YES;
				CLANG_WARN_INFINITE_RECURSION = YES;
				CLANG_WARN_INT_CONVERSION = YES;
				CLANG_WARN_NON_LITERAL_NULL_CONVERSION = YES;
				CLANG_WARN_OBJC_LITERAL_CONVERSION = YES;
				CLANG_WARN_OBJC_ROOT_CLASS = YES_ERROR;
				CLANG_WARN_RANGE_LOOP_ANALYSIS = YES;
				CLANG_WARN_STRICT_PROTOTYPES = YES;
				CLANG_WARN_SUSPICIOUS_MOVE = YES;
				CLANG_WARN_UNGUARDED_AVAILABILITY = YES_AGGRESSIVE;
				CLANG_WARN_UNREACHABLE_CODE = YES;
				CLANG_WARN__DUPLICATE_METHOD_MATCH = YES;
				CODE_SIGN_IDENTITY = "iPhone Developer";
				COPY_PHASE_STRIP = NO;
				DEBUG_INFORMATION_FORMAT = dwarf;
				ENABLE_STRICT_OBJC_MSGSEND = YES;
				ENABLE_TESTABILITY = YES;
				GCC_C_LANGUAGE_STANDARD = gnu11;
				GCC_DYNAMIC_NO_PIC = NO;
				GCC_NO_COMMON_BLOCKS = YES;
				GCC_OPTIMIZATION_LEVEL = 0;
				GCC_PREPROCESSOR_DEFINITIONS = (
					"DEBUG=1",
					"$(inherited)",
				);
				GCC_WARN_64_TO_32_BIT_CONVERSION = YES;
				GCC_WARN_ABOUT_RETURN_TYPE = YES_ERROR;
				GCC_WARN_UNDECLARED_SELECTOR = YES;
				GCC_WARN_UNINITIALIZED_AUTOS = YES_AGGRESSIVE;
				GCC_WARN_UNUSED_FUNCTION = YES;
				GCC_WARN_UNUSED_VARIABLE = YES;
				IPHONEOS_DEPLOYMENT_TARGET = 11.2;
				MTL_ENABLE_DEBUG_INFO = YES;
				ONLY_ACTIVE_ARCH = YES;
				SDKROOT = iphoneos;
			};
			name = Debug;
		};
		B2AE6AA120BFB9B20001E34A /* Release */ = {
			isa = XCBuildConfiguration;
			buildSettings = {
				ALWAYS_SEARCH_USER_PATHS = NO;
				CLANG_ANALYZER_NONNULL = YES;
				CLANG_ANALYZER_NUMBER_OBJECT_CONVERSION = YES_AGGRESSIVE;
				CLANG_CXX_LANGUAGE_STANDARD = "gnu++14";
				CLANG_CXX_LIBRARY = "libc++";
				CLANG_ENABLE_MODULES = YES;
				CLANG_ENABLE_OBJC_ARC = YES;
				CLANG_WARN_BLOCK_CAPTURE_AUTORELEASING = YES;
				CLANG_WARN_BOOL_CONVERSION = YES;
				CLANG_WARN_COMMA = YES;
				CLANG_WARN_CONSTANT_CONVERSION = YES;
				CLANG_WARN_DIRECT_OBJC_ISA_USAGE = YES_ERROR;
				CLANG_WARN_DOCUMENTATION_COMMENTS = YES;
				CLANG_WARN_EMPTY_BODY = YES;
				CLANG_WARN_ENUM_CONVERSION = YES;
				CLANG_WARN_INFINITE_RECURSION = YES;
				CLANG_WARN_INT_CONVERSION = YES;
				CLANG_WARN_NON_LITERAL_NULL_CONVERSION = YES;
				CLANG_WARN_OBJC_LITERAL_CONVERSION = YES;
				CLANG_WARN_OBJC_ROOT_CLASS = YES_ERROR;
				CLANG_WARN_RANGE_LOOP_ANALYSIS = YES;
				CLANG_WARN_STRICT_PROTOTYPES = YES;
				CLANG_WARN_SUSPICIOUS_MOVE = YES;
				CLANG_WARN_UNGUARDED_AVAILABILITY = YES_AGGRESSIVE;
				CLANG_WARN_UNREACHABLE_CODE = YES;
				CLANG_WARN__DUPLICATE_METHOD_MATCH = YES;
				CODE_SIGN_IDENTITY = "iPhone Developer";
				COPY_PHASE_STRIP = NO;
				DEBUG_INFORMATION_FORMAT = "dwarf-with-dsym";
				ENABLE_NS_ASSERTIONS = NO;
				ENABLE_STRICT_OBJC_MSGSEND = YES;
				GCC_C_LANGUAGE_STANDARD = gnu11;
				GCC_NO_COMMON_BLOCKS = YES;
				GCC_WARN_64_TO_32_BIT_CONVERSION = YES;
				GCC_WARN_ABOUT_RETURN_TYPE = YES_ERROR;
				GCC_WARN_UNDECLARED_SELECTOR = YES;
				GCC_WARN_UNINITIALIZED_AUTOS = YES_AGGRESSIVE;
				GCC_WARN_UNUSED_FUNCTION = YES;
				GCC_WARN_UNUSED_VARIABLE = YES;
				IPHONEOS_DEPLOYMENT_TARGET = 11.2;
				MTL_ENABLE_DEBUG_INFO = NO;
				SDKROOT = iphoneos;
				VALIDATE_PRODUCT = YES;
			};
			name = Release;
		};
		B2AE6AA320BFB9B20001E34A /* Debug */ = {
			isa = XCBuildConfiguration;
			baseConfigurationReference = 2D0E08FBB67083C192626532 /* Pods-DDHTTPClientDemo.debug.xcconfig */;
			buildSettings = {
				ASSETCATALOG_COMPILER_APPICON_NAME = AppIcon;
				CODE_SIGN_STYLE = Automatic;
				INFOPLIST_FILE = DDHTTPClientDemo/Info.plist;
				IPHONEOS_DEPLOYMENT_TARGET = 8.0;
				LD_RUNPATH_SEARCH_PATHS = "$(inherited) @executable_path/Frameworks";
				PRODUCT_BUNDLE_IDENTIFIER = com.abiang.DDHTTPClientDemo;
				PRODUCT_NAME = "$(TARGET_NAME)";
				TARGETED_DEVICE_FAMILY = "1,2";
			};
			name = Debug;
		};
		B2AE6AA420BFB9B20001E34A /* Release */ = {
			isa = XCBuildConfiguration;
			baseConfigurationReference = DCB162B40A0FB578CF9085D6 /* Pods-DDHTTPClientDemo.release.xcconfig */;
			buildSettings = {
				ASSETCATALOG_COMPILER_APPICON_NAME = AppIcon;
				CODE_SIGN_STYLE = Automatic;
				INFOPLIST_FILE = DDHTTPClientDemo/Info.plist;
				IPHONEOS_DEPLOYMENT_TARGET = 8.0;
				LD_RUNPATH_SEARCH_PATHS = "$(inherited) @executable_path/Frameworks";
				PRODUCT_BUNDLE_IDENTIFIER = com.abiang.DDHTTPClientDemo;
				PRODUCT_NAME = "$(TARGET_NAME)";
				TARGETED_DEVICE_FAMILY = "1,2";
			};
			name = Release;
		};
/* End XCBuildConfiguration section */

/* Begin XCConfigurationList section */
		B2AE6A8720BFB9B20001E34A /* Build configuration list for PBXProject "DDHTTPClientDemo" */ = {
			isa = XCConfigurationList;
			buildConfigurations = (
				B2AE6AA020BFB9B20001E34A /* Debug */,
				B2AE6AA120BFB9B20001E34A /* Release */,
			);
			defaultConfigurationIsVisible = 0;
			defaultConfigurationName = Release;
		};
		B2AE6AA220BFB9B20001E34A /* Build configuration list for PBXNativeTarget "DDHTTPClientDemo" */ = {
			isa = XCConfigurationList;
			buildConfigurations = (
				B2AE6AA320BFB9B20001E34A /* Debug */,
				B2AE6AA420BFB9B20001E34A /* Release */,
			);
			defaultConfigurationIsVisible = 0;
			defaultConfigurationName = Release;
		};
/* End XCConfigurationList section */
	};
	rootObject = B2AE6A8420BFB9B20001E34A /* Project object */;
}
